# This file is autogenerated, do not edit; changes may be undone by the next 'dep ensure'.


[[projects]]
  name = "github.com/opentracing/opentracing-go"
  packages = [
    ".",
    "log"
  ]
  revision = "1949ddbfd147afd4d964a9f00b24eb291e0e7c38"
  version = "v1.0.2"

[[projects]]
  branch = "master"
  name = "golang.org/x/net"
  packages = ["context"]
  revision = "db08ff08e8622530d9ed3a0e8ac279f6d4c02196"

[solve-meta]
  analyzer-name = "dep"
  analyzer-version = 1
  inputs-digest = "27b232181e1aff6ae776ac54389d798f366e8fd1f69546b1fd5e75ebed79acc9"
  solver-name = "gps-cdcl"
  solver-version = 1
